
Microsoft Visual Studio Solution File, Format Version 12.00
# Visual Studio Version 17
VisualStudioVersion = 17.10.35122.118
MinimumVisualStudioVersion = 10.0.40219.1
Project("{FAE04EC0-301F-11D3-BF4B-00C04F79EFBC}") = "PrimeiroMVC", "PrimeiroMVC\PrimeiroMVC.csproj", "{5A407888-C5DA-4CEA-819D-D33D1C06EC81}"
EndProject
Global
	GlobalSection(SolutionConfigurationPlatforms) = preSolution
		Debug|Any CPU = Debug|Any CPU
		Release|Any CPU = Release|Any CPU
	EndGlobalSection
	GlobalSection(ProjectConfigurationPlatforms) = postSolution
		{5A407888-C5DA-4CEA-819D-D33D1C06EC81}.Debug|Any CPU.ActiveCfg = Debug|Any CPU
		{5A407888-C5DA-4CEA-819D-D33D1C06EC81}.Debug|Any CPU.Build.0 = Debug|Any CPU
		{5A407888-C5DA-4CEA-819D-D33D1C06EC81}.Release|Any CPU.ActiveCfg = Release|Any CPU
		{5A407888-C5DA-4CEA-819D-D33D1C06EC81}.Release|Any CPU.Build.0 = Release|Any CPU
	EndGlobalSection
	GlobalSection(SolutionProperties) = preSolution
		HideSolutionNode = FALSE
	EndGlobalSection
	GlobalSection(ExtensibilityGlobals) = postSolution
		SolutionGuid = {C52E24B8-AB4D-4203-9A21-439663469059}
	EndGlobalSection
EndGlobal
